{
  "name": "synthar-site",
  "version": "1.0.0",
  "lockfileVersion": 3,
  "requires": true,
  "packages": {
    "": {
      "name": "synthar-site",
      "version": "1.0.0",
      "dependencies": {
        "@supabase/supabase-js": "^2.80.0",
        "couchbase": "^4.3.0",
        "node-fetch": "^3.3.2"
      }
    },
    "node_modules/node-fetch": {
      "version": "3.3.2",
      "resolved": "",
      "integrity": "",
      "engines": {
        "node": ">=12.20.0"
      }
    },
    "node_modules/@supabase/supabase-js": {
      "version": "2.80.0",
      "resolved": "",
      "integrity": ""
    },
    "node_modules/couchbase": {
      "version": "4.3.0",
      "resolved": "",
      "integrity": "",
      "engines": {
        "node": ">=16"
      }
    }
  }
}
